// !$*UTF8*$!
{
	archiveVersion = 1;
	classes = {
	};
	objectVersion = 46;
	objects = {

/* Begin PBXBuildFile section */
		CB318E131E06D52400ED114F /* default_contact.png in Resources */ = {isa = PBXBuildFile; fileRef = CB318E121E06D52400ED114F /* default_contact.png */; };
		CB318E151E06DBEB00ED114F /* add.png in Resources */ = {isa = PBXBuildFile; fileRef = CB318E141E06DBEB00ED114F /* add.png */; };
		CB318E171E06DC8800ED114F /* add_72px_1199462_easyicon.net.png in Resources */ = {isa = PBXBuildFile; fileRef = CB318E161E06DC8800ED114F /* add_72px_1199462_easyicon.net.png */; };
		CB8E6FBC1E06C5B20098FB2E /* ic_email_3x.png in Resources */ = {isa = PBXBuildFile; fileRef = CB8E6FBB1E06C5B20098FB2E /* ic_email_3x.png */; };
		CB8E6FBE1E06C5CA0098FB2E /* ic_phone_3x.png in Resources */ = {isa = PBXBuildFile; fileRef = CB8E6FBD1E06C5CA0098FB2E /* ic_phone_3x.png */; };
		CB8E6FC01E06C5DE0098FB2E /* ic_textsms_3x.png in Resources */ = {isa = PBXBuildFile; fileRef = CB8E6FBF1E06C5DE0098FB2E /* ic_textsms_3x.png */; };
		CB8EE28A1DDEDCE100CC8FC1 /* AppDelegate.swift in Sources */ = {isa = PBXBuildFile; fileRef = CB8EE2891DDEDCE100CC8FC1 /* AppDelegate.swift */; };
		CB8EE28C1DDEDCE100CC8FC1 /* ViewController.swift in Sources */ = {isa = PBXBuildFile; fileRef = CB8EE28B1DDEDCE100CC8FC1 /* ViewController.swift */; };
		CB8EE28F1DDEDCE100CC8FC1 /* Main.storyboard in Resources */ = {isa = PBXBuildFile; fileRef = CB8EE28D1DDEDCE100CC8FC1 /* Main.storyboard */; };
		CB8EE2911DDEDCE100CC8FC1 /* Assets.xcassets in Resources */ = {isa = PBXBuildFile; fileRef = CB8EE2901DDEDCE100CC8FC1 /* Assets.xcassets */; };
		CB8EE2941DDEDCE100CC8FC1 /* LaunchScreen.storyboard in Resources */ = {isa = PBXBuildFile; fileRef = CB8EE2921DDEDCE100CC8FC1 /* LaunchScreen.storyboard */; };
		CB8EE29F1DDEDCE100CC8FC1 /* contactsTests.swift in Sources */ = {isa = PBXBuildFile; fileRef = CB8EE29E1DDEDCE100CC8FC1 /* contactsTests.swift */; };
		CB8EE2AA1DDEDCE100CC8FC1 /* contactsUITests.swift in Sources */ = {isa = PBXBuildFile; fileRef = CB8EE2A91DDEDCE100CC8FC1 /* contactsUITests.swift */; };
		CB8EE2B81DDEE51100CC8FC1 /* TableViewController.swift in Sources */ = {isa = PBXBuildFile; fileRef = CB8EE2B71DDEE51100CC8FC1 /* TableViewController.swift */; };
		CB8EE2BA1DDEE5E700CC8FC1 /* TableViewCell.swift in Sources */ = {isa = PBXBuildFile; fileRef = CB8EE2B91DDEE5E700CC8FC1 /* TableViewCell.swift */; };
		CB8EE2BC1DDEE6B100CC8FC1 /* Contact.swift in Sources */ = {isa = PBXBuildFile; fileRef = CB8EE2BB1DDEE6B100CC8FC1 /* Contact.swift */; };
		CB8EE2BF1DDEFC7800CC8FC1 /* contact-default.jpg in Resources */ = {isa = PBXBuildFile; fileRef = CB8EE2BE1DDEFC7800CC8FC1 /* contact-default.jpg */; };
		CB9369DB1E067C9B00C6FBF6 /* icon.png in Resources */ = {isa = PBXBuildFile; fileRef = CB9369DA1E067C9B00C6FBF6 /* icon.png */; };
/* End PBXBuildFile section */

/* Begin PBXContainerItemProxy section */
		CB8EE29B1DDEDCE100CC8FC1 /* PBXContainerItemProxy */ = {
			isa = PBXContainerItemProxy;
			containerPortal = CB8EE27E1DDEDCE100CC8FC1 /* Project object */;
			proxyType = 1;
			remoteGlobalIDString = CB8EE2851DDEDCE100CC8FC1;
			remoteInfo = contacts;
		};
		CB8EE2A61DDEDCE100CC8FC1 /* PBXContainerItemProxy */ = {
			isa = PBXContainerItemProxy;
			containerPortal = CB8EE27E1DDEDCE100CC8FC1 /* Project object */;
			proxyType = 1;
			remoteGlobalIDString = CB8EE2851DDEDCE100CC8FC1;
			remoteInfo = contacts;
		};
/* End PBXContainerItemProxy section */

/* Begin PBXFileReference section */
		CB318E121E06D52400ED114F /* default_contact.png */ = {isa = PBXFileReference; lastKnownFileType = image.png; path = default_contact.png; sourceTree = "<group>"; };
		CB318E141E06DBEB00ED114F /* add.png */ = {isa = PBXFileReference; lastKnownFileType = image.png; path = add.png; sourceTree = "<group>"; };
		CB318E161E06DC8800ED114F /* add_72px_1199462_easyicon.net.png */ = {isa = PBXFileReference; lastKnownFileType = image.png; path = add_72px_1199462_easyicon.net.png; sourceTree = "<group>"; };
		CB8E6FBB1E06C5B20098FB2E /* ic_email_3x.png */ = {isa = PBXFileReference; lastKnownFileType = image.png; path = ic_email_3x.png; sourceTree = "<group>"; };
		CB8E6FBD1E06C5CA0098FB2E /* ic_phone_3x.png */ = {isa = PBXFileReference; lastKnownFileType = image.png; path = ic_phone_3x.png; sourceTree = "<group>"; };
		CB8E6FBF1E06C5DE0098FB2E /* ic_textsms_3x.png */ = {isa = PBXFileReference; lastKnownFileType = image.png; path = ic_textsms_3x.png; sourceTree = "<group>"; };
		CB8EE2861DDEDCE100CC8FC1 /* contacts.app */ = {isa = PBXFileReference; explicitFileType = wrapper.application; includeInIndex = 0; path = contacts.app; sourceTree = BUILT_PRODUCTS_DIR; };
		CB8EE2891DDEDCE100CC8FC1 /* AppDelegate.swift */ = {isa = PBXFileReference; lastKnownFileType = sourcecode.swift; path = AppDelegate.swift; sourceTree = "<group>"; };
		CB8EE28B1DDEDCE100CC8FC1 /* ViewController.swift */ = {isa = PBXFileReference; lastKnownFileType = sourcecode.swift; path = ViewController.swift; sourceTree = "<group>"; };
		CB8EE28E1DDEDCE100CC8FC1 /* Base */ = {isa = PBXFileReference; lastKnownFileType = file.storyboard; name = Base; path = Base.lproj/Main.storyboard; sourceTree = "<group>"; };
		CB8EE2901DDEDCE100CC8FC1 /* Assets.xcassets */ = {isa = PBXFileReference; lastKnownFileType = folder.assetcatalog; path = Assets.xcassets; sourceTree = "<group>"; };
		CB8EE2931DDEDCE100CC8FC1 /* Base */ = {isa = PBXFileReference; lastKnownFileType = file.storyboard; name = Base; path = Base.lproj/LaunchScreen.storyboard; sourceTree = "<group>"; };
		CB8EE2951DDEDCE100CC8FC1 /* Info.plist */ = {isa = PBXFileReference; lastKnownFileType = text.plist.xml; path = Info.plist; sourceTree = "<group>"; };
		CB8EE29A1DDEDCE100CC8FC1 /* contactsTests.xctest */ = {isa = PBXFileReference; explicitFileType = wrapper.cfbundle; includeInIndex = 0; path = contactsTests.xctest; sourceTree = BUILT_PRODUCTS_DIR; };
		CB8EE29E1DDEDCE100CC8FC1 /* contactsTests.swift */ = {isa = PBXFileReference; lastKnownFileType = sourcecode.swift; path = contactsTests.swift; sourceTree = "<group>"; };
		CB8EE2A01DDEDCE100CC8FC1 /* Info.plist */ = {isa = PBXFileReference; lastKnownFileType = text.plist.xml; path = Info.plist; sourceTree = "<group>"; };
		CB8EE2A51DDEDCE100CC8FC1 /* contactsUITests.xctest */ = {isa = PBXFileReference; explicitFileType = wrapper.cfbundle; includeInIndex = 0; path = contactsUITests.xctest; sourceTree = BUILT_PRODUCTS_DIR; };
		CB8EE2A91DDEDCE100CC8FC1 /* contactsUITests.swift */ = {isa = PBXFileReference; lastKnownFileType = sourcecode.swift; path = contactsUITests.swift; sourceTree = "<group>"; };
		CB8EE2AB1DDEDCE100CC8FC1 /* Info.plist */ = {isa = PBXFileReference; lastKnownFileType = text.plist.xml; path = Info.plist; sourceTree = "<group>"; };
		CB8EE2B71DDEE51100CC8FC1 /* TableViewController.swift */ = {isa = PBXFileReference; fileEncoding = 4; lastKnownFileType = sourcecode.swift; path = TableViewController.swift; sourceTree = "<group>"; };
		CB8EE2B91DDEE5E700CC8FC1 /* TableViewCell.swift */ = {isa = PBXFileReference; fileEncoding = 4; lastKnownFileType = sourcecode.swift; path = TableViewCell.swift; sourceTree = "<group>"; };
		CB8EE2BB1DDEE6B100CC8FC1 /* Contact.swift */ = {isa = PBXFileReference; fileEncoding = 4; lastKnownFileType = sourcecode.swift; path = Contact.swift; sourceTree = "<group>"; };
		CB8EE2BE1DDEFC7800CC8FC1 /* contact-default.jpg */ = {isa = PBXFileReference; lastKnownFileType = image.jpeg; path = "contact-default.jpg"; sourceTree = "<group>"; };
		CB9369DA1E067C9B00C6FBF6 /* icon.png */ = {isa = PBXFileReference; lastKnownFileType = image.png; path = icon.png; sourceTree = "<group>"; };
/* End PBXFileReference section */

/* Begin PBXFrameworksBuildPhase section */
		CB8EE2831DDEDCE100CC8FC1 /* Frameworks */ = {
			isa = PBXFrameworksBuildPhase;
			buildActionMask = 2147483647;
			files = (
			);
			runOnlyForDeploymentPostprocessing = 0;
		};
		CB8EE2971DDEDCE100CC8FC1 /* Frameworks */ = {
			isa = PBXFrameworksBuildPhase;
			buildActionMask = 2147483647;
			files = (
			);
			runOnlyForDeploymentPostprocessing = 0;
		};
		CB8EE2A21DDEDCE100CC8FC1 /* Frameworks */ = {
			isa = PBXFrameworksBuildPhase;
			buildActionMask = 2147483647;
			files = (
			);
			runOnlyForDeploymentPostprocessing = 0;
		};
/* End PBXFrameworksBuildPhase section */

/* Begin PBXGroup section */
		CB8EE27D1DDEDCE100CC8FC1 = {
			isa = PBXGroup;
			children = (
				CB8EE2881DDEDCE100CC8FC1 /* contacts */,
				CB8EE29D1DDEDCE100CC8FC1 /* contactsTests */,
				CB8EE2A81DDEDCE100CC8FC1 /* contactsUITests */,
				CB8EE2871DDEDCE100CC8FC1 /* Products */,
			);
			sourceTree = "<group>";
		};
		CB8EE2871DDEDCE100CC8FC1 /* Products */ = {
			isa = PBXGroup;
			children = (
				CB8EE2861DDEDCE100CC8FC1 /* contacts.app */,
				CB8EE29A1DDEDCE100CC8FC1 /* contactsTests.xctest */,
				CB8EE2A51DDEDCE100CC8FC1 /* contactsUITests.xctest */,
			);
			name = Products;
			sourceTree = "<group>";
		};
		CB8EE2881DDEDCE100CC8FC1 /* contacts */ = {
			isa = PBXGroup;
			children = (
				CB9369DA1E067C9B00C6FBF6 /* icon.png */,
				CB8EE2BD1DDEFC1700CC8FC1 /* supporting */,
				CB8EE2891DDEDCE100CC8FC1 /* AppDelegate.swift */,
				CB8EE28B1DDEDCE100CC8FC1 /* ViewController.swift */,
				CB8EE28D1DDEDCE100CC8FC1 /* Main.storyboard */,
				CB8EE2901DDEDCE100CC8FC1 /* Assets.xcassets */,
				CB8EE2921DDEDCE100CC8FC1 /* LaunchScreen.storyboard */,
				CB8EE2951DDEDCE100CC8FC1 /* Info.plist */,
				CB8EE2B71DDEE51100CC8FC1 /* TableViewController.swift */,
				CB8EE2B91DDEE5E700CC8FC1 /* TableViewCell.swift */,
				CB8EE2BB1DDEE6B100CC8FC1 /* Contact.swift */,
			);
			path = contacts;
			sourceTree = "<group>";
		};
		CB8EE29D1DDEDCE100CC8FC1 /* contactsTests */ = {
			isa = PBXGroup;
			children = (
				CB8EE29E1DDEDCE100CC8FC1 /* contactsTests.swift */,
				CB8EE2A01DDEDCE100CC8FC1 /* Info.plist */,
			);
			path = contactsTests;
			sourceTree = "<group>";
		};
		CB8EE2A81DDEDCE100CC8FC1 /* contactsUITests */ = {
			isa = PBXGroup;
			children = (
				CB8EE2A91DDEDCE100CC8FC1 /* contactsUITests.swift */,
				CB8EE2AB1DDEDCE100CC8FC1 /* Info.plist */,
			);
			path = contactsUITests;
			sourceTree = "<group>";
		};
		CB8EE2BD1DDEFC1700CC8FC1 /* supporting */ = {
			isa = PBXGroup;
			children = (
				CB318E161E06DC8800ED114F /* add_72px_1199462_easyicon.net.png */,
				CB318E141E06DBEB00ED114F /* add.png */,
				CB318E121E06D52400ED114F /* default_contact.png */,
				CB8E6FBF1E06C5DE0098FB2E /* ic_textsms_3x.png */,
				CB8E6FBD1E06C5CA0098FB2E /* ic_phone_3x.png */,
				CB8E6FBB1E06C5B20098FB2E /* ic_email_3x.png */,
				CB8EE2BE1DDEFC7800CC8FC1 /* contact-default.jpg */,
			);
			name = supporting;
			sourceTree = "<group>";
		};
/* End PBXGroup section */

/* Begin PBXNativeTarget section */
		CB8EE2851DDEDCE100CC8FC1 /* contacts */ = {
			isa = PBXNativeTarget;
			buildConfigurationList = CB8EE2AE1DDEDCE100CC8FC1 /* Build configuration list for PBXNativeTarget "contacts" */;
			buildPhases = (
				CB8EE2821DDEDCE100CC8FC1 /* Sources */,
				CB8EE2831DDEDCE100CC8FC1 /* Frameworks */,
				CB8EE2841DDEDCE100CC8FC1 /* Resources */,
			);
			buildRules = (
			);
			dependencies = (
			);
			name = contacts;
			productName = contacts;
			productReference = CB8EE2861DDEDCE100CC8FC1 /* contacts.app */;
			productType = "com.apple.product-type.application";
		};
		CB8EE2991DDEDCE100CC8FC1 /* contactsTests */ = {
			isa = PBXNativeTarget;
			buildConfigurationList = CB8EE2B11DDEDCE100CC8FC1 /* Build configuration list for PBXNativeTarget "contactsTests" */;
			buildPhases = (
				CB8EE2961DDEDCE100CC8FC1 /* Sources */,
				CB8EE2971DDEDCE100CC8FC1 /* Frameworks */,
				CB8EE2981DDEDCE100CC8FC1 /* Resources */,
			);
			buildRules = (
			);
			dependencies = (
				CB8EE29C1DDEDCE100CC8FC1 /* PBXTargetDependency */,
			);
			name = contactsTests;
			productName = contactsTests;
			productReference = CB8EE29A1DDEDCE100CC8FC1 /* contactsTests.xctest */;
			productType = "com.apple.product-type.bundle.unit-test";
		};
		CB8EE2A41DDEDCE100CC8FC1 /* contactsUITests */ = {
			isa = PBXNativeTarget;
			buildConfigurationList = CB8EE2B41DDEDCE100CC8FC1 /* Build configuration list for PBXNativeTarget "contactsUITests" */;
			buildPhases = (
				CB8EE2A11DDEDCE100CC8FC1 /* Sources */,
				CB8EE2A21DDEDCE100CC8FC1 /* Frameworks */,
				CB8EE2A31DDEDCE100CC8FC1 /* Resources */,
			);
			buildRules = (
			);
			dependencies = (
				CB8EE2A71DDEDCE100CC8FC1 /* PBXTargetDependency */,
			);
			name = contactsUITests;
			productName = contactsUITests;
			productReference = CB8EE2A51DDEDCE100CC8FC1 /* contactsUITests.xctest */;
			productType = "com.apple.product-type.bundle.ui-testing";
		};
/* End PBXNativeTarget section */

/* Begin PBXProject section */
		CB8EE27E1DDEDCE100CC8FC1 /* Project object */ = {
			isa = PBXProject;
			attributes = {
				LastSwiftUpdateCheck = 0800;
				LastUpgradeCheck = 0800;
				ORGANIZATIONNAME = zyssky;
				TargetAttributes = {
					CB8EE2851DDEDCE100CC8FC1 = {
						CreatedOnToolsVersion = 8.0;
						ProvisioningStyle = Automatic;
					};
					CB8EE2991DDEDCE100CC8FC1 = {
						CreatedOnToolsVersion = 8.0;
						ProvisioningStyle = Automatic;
						TestTargetID = CB8EE2851DDEDCE100CC8FC1;
					};
					CB8EE2A41DDEDCE100CC8FC1 = {
						CreatedOnToolsVersion = 8.0;
						ProvisioningStyle = Automatic;
						TestTargetID = CB8EE2851DDEDCE100CC8FC1;
					};
				};
			};
			buildConfigurationList = CB8EE2811DDEDCE100CC8FC1 /* Build configuration list for PBXProject "contacts" */;
			compatibilityVersion = "Xcode 3.2";
			developmentRegion = English;
			hasScannedForEncodings = 0;
			knownRegions = (
				en,
				Base,
			);
			mainGroup = CB8EE27D1DDEDCE100CC8FC1;
			productRefGroup = CB8EE2871DDEDCE100CC8FC1 /* Products */;
			projectDirPath = "";
			projectRoot = "";
			targets = (
				CB8EE2851DDEDCE100CC8FC1 /* contacts */,
				CB8EE2991DDEDCE100CC8FC1 /* contactsTests */,
				CB8EE2A41DDEDCE100CC8FC1 /* contactsUITests */,
			);
		};
/* End PBXProject section */

/* Begin PBXResourcesBuildPhase section */
		CB8EE2841DDEDCE100CC8FC1 /* Resources */ = {
			isa = PBXResourcesBuildPhase;
			buildActionMask = 2147483647;
			files = (
				CB8EE2BF1DDEFC7800CC8FC1 /* contact-default.jpg in Resources */,
				CB318E171E06DC8800ED114F /* add_72px_1199462_easyicon.net.png in Resources */,
				CB8E6FC01E06C5DE0098FB2E /* ic_textsms_3x.png in Resources */,
				CB9369DB1E067C9B00C6FBF6 /* icon.png in Resources */,
				CB318E151E06DBEB00ED114F /* add.png in Resources */,
				CB8EE2941DDEDCE100CC8FC1 /* LaunchScreen.storyboard in Resources */,
				CB8EE2911DDEDCE100CC8FC1 /* Assets.xcassets in Resources */,
				CB8EE28F1DDEDCE100CC8FC1 /* Main.storyboard in Resources */,
				CB8E6FBC1E06C5B20098FB2E /* ic_email_3x.png in Resources */,
				CB318E131E06D52400ED114F /* default_contact.png in Resources */,
				CB8E6FBE1E06C5CA0098FB2E /* ic_phone_3x.png in Resources */,
			);
			runOnlyForDeploymentPostprocessing = 0;
		};
		CB8EE2981DDEDCE100CC8FC1 /* Resources */ = {
			isa = PBXResourcesBuildPhase;
			buildActionMask = 2147483647;
			files = (
			);
			runOnlyForDeploymentPostprocessing = 0;
		};
		CB8EE2A31DDEDCE100CC8FC1 /* Resources */ = {
			isa = PBXResourcesBuildPhase;
			buildActionMask = 2147483647;
			files = (
			);
			runOnlyForDeploymentPostprocessing = 0;
		};
/* End PBXResourcesBuildPhase section */

/* Begin PBXSourcesBuildPhase section */
		CB8EE2821DDEDCE100CC8FC1 /* Sources */ = {
			isa = PBXSourcesBuildPhase;
			buildActionMask = 2147483647;
			files = (
				CB8EE28C1DDEDCE100CC8FC1 /* ViewController.swift in Sources */,
				CB8EE2BA1DDEE5E700CC8FC1 /* TableViewCell.swift in Sources */,
				CB8EE2BC1DDEE6B100CC8FC1 /* Contact.swift in Sources */,
				CB8EE2B81DDEE51100CC8FC1 /* TableViewController.swift in Sources */,
				CB8EE28A1DDEDCE100CC8FC1 /* AppDelegate.swift in Sources */,
			);
			runOnlyForDeploymentPostprocessing = 0;
		};
		CB8EE2961DDEDCE100CC8FC1 /* Sources */ = {
			isa = PBXSourcesBuildPhase;
			buildActionMask = 2147483647;
			files = (
				CB8EE29F1DDEDCE100CC8FC1 /* contactsTests.swift in Sources */,
			);
			runOnlyForDeploymentPostprocessing = 0;
		};
		CB8EE2A11DDEDCE100CC8FC1 /* Sources */ = {
			isa = PBXSourcesBuildPhase;
			buildActionMask = 2147483647;
			files = (
				CB8EE2AA1DDEDCE100CC8FC1 /* contactsUITests.swift in Sources */,
			);
			runOnlyForDeploymentPostprocessing = 0;
		};
/* End PBXSourcesBuildPhase section */

/* Begin PBXTargetDependency section */
		CB8EE29C1DDEDCE100CC8FC1 /* PBXTargetDependency */ = {
			isa = PBXTargetDependency;
			target = CB8EE2851DDEDCE100CC8FC1 /* contacts */;
			targetProxy = CB8EE29B1DDEDCE100CC8FC1 /* PBXContainerItemProxy */;
		};
		CB8EE2A71DDEDCE100CC8FC1 /* PBXTargetDependency */ = {
			isa = PBXTargetDependency;
			target = CB8EE2851DDEDCE100CC8FC1 /* contacts */;
			targetProxy = CB8EE2A61DDEDCE100CC8FC1 /* PBXContainerItemProxy */;
		};
/* End PBXTargetDependency section */

/* Begin PBXVariantGroup section */
		CB8EE28D1DDEDCE100CC8FC1 /* Main.storyboard */ = {
			isa = PBXVariantGroup;
			children = (
				CB8EE28E1DDEDCE100CC8FC1 /* Base */,
			);
			name = Main.storyboard;
			sourceTree = "<group>";
		};
		CB8EE2921DDEDCE100CC8FC1 /* LaunchScreen.storyboard */ = {
			isa = PBXVariantGroup;
			children = (
				CB8EE2931DDEDCE100CC8FC1 /* Base */,
			);
			name = LaunchScreen.storyboard;
			sourceTree = "<group>";
		};
/* End PBXVariantGroup section */

/* Begin XCBuildConfiguration section */
		CB8EE2AC1DDEDCE100CC8FC1 /* Debug */ = {
			isa = XCBuildConfiguration;
			buildSettings = {
				ALWAYS_SEARCH_USER_PATHS = NO;
				CLANG_ANALYZER_NONNULL = YES;
				CLANG_CXX_LANGUAGE_STANDARD = "gnu++0x";
				CLANG_CXX_LIBRARY = "libc++";
				CLANG_ENABLE_MODULES = YES;
				CLANG_ENABLE_OBJC_ARC = YES;
				CLANG_WARN_BOOL_CONVERSION = YES;
				CLANG_WARN_CONSTANT_CONVERSION = YES;
				CLANG_WARN_DIRECT_OBJC_ISA_USAGE = YES_ERROR;
				CLANG_WARN_DOCUMENTATION_COMMENTS = YES;
				CLANG_WARN_EMPTY_BODY = YES;
				CLANG_WARN_ENUM_CONVERSION = YES;
				CLANG_WARN_INFINITE_RECURSION = YES;
				CLANG_WARN_INT_CONVERSION = YES;
				CLANG_WARN_OBJC_ROOT_CLASS = YES_ERROR;
				CLANG_WARN_SUSPICIOUS_MOVES = YES;
				CLANG_WARN_UNREACHABLE_CODE = YES;
				CLANG_WARN__DUPLICATE_METHOD_MATCH = YES;
				"CODE_SIGN_IDENTITY[sdk=iphoneos*]" = "iPhone Developer";
				COPY_PHASE_STRIP = NO;
				DEBUG_INFORMATION_FORMAT = dwarf;
				ENABLE_STRICT_OBJC_MSGSEND = YES;
				ENABLE_TESTABILITY = YES;
				GCC_C_LANGUAGE_STANDARD = gnu99;
				GCC_DYNAMIC_NO_PIC = NO;
				GCC_NO_COMMON_BLOCKS = YES;
				GCC_OPTIMIZATION_LEVEL = 0;
				GCC_PREPROCESSOR_DEFINITIONS = (
					"DEBUG=1",
					"$(inherited)",
				);
				GCC_WARN_64_TO_32_BIT_CONVERSION = YES;
				GCC_WARN_ABOUT_RETURN_TYPE = YES_ERROR;
				GCC_WARN_UNDECLARED_SELECTOR = YES;
				GCC_WARN_UNINITIALIZED_AUTOS = YES_AGGRESSIVE;
				GCC_WARN_UNUSED_FUNCTION = YES;
				GCC_WARN_UNUSED_VARIABLE = YES;
				IPHONEOS_DEPLOYMENT_TARGET = 10.0;
				MTL_ENABLE_DEBUG_INFO = YES;
				ONLY_ACTIVE_ARCH = YES;
				SDKROOT = iphoneos;
				SWIFT_ACTIVE_COMPILATION_CONDITIONS = DEBUG;
				SWIFT_OPTIMIZATION_LEVEL = "-Onone";
				TARGETED_DEVICE_FAMILY = "1,2";
			};
			name = Debug;
		};
		CB8EE2AD1DDEDCE100CC8FC1 /* Release */ = {
			isa = XCBuildConfiguration;
			buildSettings = {
				ALWAYS_SEARCH_USER_PATHS = NO;
				CLANG_ANALYZER_NONNULL = YES;
				CLANG_CXX_LANGUAGE_STANDARD = "gnu++0x";
				CLANG_CXX_LIBRARY = "libc++";
				CLANG_ENABLE_MODULES = YES;
				CLANG_ENABLE_OBJC_ARC = YES;
				CLANG_WARN_BOOL_CONVERSION = YES;
				CLANG_WARN_CONSTANT_CONVERSION = YES;
				CLANG_WARN_DIRECT_OBJC_ISA_USAGE = YES_ERROR;
				CLANG_WARN_DOCUMENTATION_COMMENTS = YES;
				CLANG_WARN_EMPTY_BODY = YES;
				CLANG_WARN_ENUM_CONVERSION = YES;
				CLANG_WARN_INFINITE_RECURSION = YES;
				CLANG_WARN_INT_CONVERSION = YES;
				CLANG_WARN_OBJC_ROOT_CLASS = YES_ERROR;
				CLANG_WARN_SUSPICIOUS_MOVES = YES;
				CLANG_WARN_UNREACHABLE_CODE = YES;
				CLANG_WARN__DUPLICATE_METHOD_MATCH = YES;
				"CODE_SIGN_IDENTITY[sdk=iphoneos*]" = "iPhone Developer";
				COPY_PHASE_STRIP = NO;
				DEBUG_INFORMATION_FORMAT = "dwarf-with-dsym";
				ENABLE_NS_ASSERTIONS = NO;
				ENABLE_STRICT_OBJC_MSGSEND = YES;
				GCC_C_LANGUAGE_STANDARD = gnu99;
				GCC_NO_COMMON_BLOCKS = YES;
				GCC_WARN_64_TO_32_BIT_CONVERSION = YES;
				GCC_WARN_ABOUT_RETURN_TYPE = YES_ERROR;
				GCC_WARN_UNDECLARED_SELECTOR = YES;
				GCC_WARN_UNINITIALIZED_AUTOS = YES_AGGRESSIVE;
				GCC_WARN_UNUSED_FUNCTION = YES;
				GCC_WARN_UNUSED_VARIABLE = YES;
				IPHONEOS_DEPLOYMENT_TARGET = 10.0;
				MTL_ENABLE_DEBUG_INFO = NO;
				SDKROOT = iphoneos;
				SWIFT_OPTIMIZATION_LEVEL = "-Owholemodule";
				TARGETED_DEVICE_FAMILY = "1,2";
				VALIDATE_PRODUCT = YES;
			};
			name = Release;
		};
		CB8EE2AF1DDEDCE100CC8FC1 /* Debug */ = {
			isa = XCBuildConfiguration;
			buildSettings = {
				ASSETCATALOG_COMPILER_APPICON_NAME = AppIcon;
				INFOPLIST_FILE = contacts/Info.plist;
				LD_RUNPATH_SEARCH_PATHS = "$(inherited) @executable_path/Frameworks";
				PRODUCT_BUNDLE_IDENTIFIER = scut.contacts;
				PRODUCT_NAME = "$(TARGET_NAME)";
				SWIFT_VERSION = 3.0;
			};
			name = Debug;
		};
		CB8EE2B01DDEDCE100CC8FC1 /* Release */ = {
			isa = XCBuildConfiguration;
			buildSettings = {
				ASSETCATALOG_COMPILER_APPICON_NAME = AppIcon;
				INFOPLIST_FILE = contacts/Info.plist;
				LD_RUNPATH_SEARCH_PATHS = "$(inherited) @executable_path/Frameworks";
				PRODUCT_BUNDLE_IDENTIFIER = scut.contacts;
				PRODUCT_NAME = "$(TARGET_NAME)";
				SWIFT_VERSION = 3.0;
			};
			name = Release;
		};
		CB8EE2B21DDEDCE100CC8FC1 /* Debug */ = {
			isa = XCBuildConfiguration;
			buildSettings = {
				ALWAYS_EMBED_SWIFT_STANDARD_LIBRARIES = YES;
				BUNDLE_LOADER = "$(TEST_HOST)";
				INFOPLIST_FILE = contactsTests/Info.plist;
				LD_RUNPATH_SEARCH_PATHS = "$(inherited) @executable_path/Frameworks @loader_path/Frameworks";
				PRODUCT_BUNDLE_IDENTIFIER = scut.contactsTests;
				PRODUCT_NAME = "$(TARGET_NAME)";
				SWIFT_VERSION = 3.0;
				TEST_HOST = "$(BUILT_PRODUCTS_DIR)/contacts.app/contacts";
			};
			name = Debug;
		};
		CB8EE2B31DDEDCE100CC8FC1 /* Release */ = {
			isa = XCBuildConfiguration;
			buildSettings = {
				ALWAYS_EMBED_SWIFT_STANDARD_LIBRARIES = YES;
				BUNDLE_LOADER = "$(TEST_HOST)";
				INFOPLIST_FILE = contactsTests/Info.plist;
				LD_RUNPATH_SEARCH_PATHS = "$(inherited) @executable_path/Frameworks @loader_path/Frameworks";
				PRODUCT_BUNDLE_IDENTIFIER = scut.contactsTests;
				PRODUCT_NAME = "$(TARGET_NAME)";
				SWIFT_VERSION = 3.0;
				TEST_HOST = "$(BUILT_PRODUCTS_DIR)/contacts.app/contacts";
			};
			name = Release;
		};
		CB8EE2B51DDEDCE100CC8FC1 /* Debug */ = {
			isa = XCBuildConfiguration;
			buildSettings = {
				ALWAYS_EMBED_SWIFT_STANDARD_LIBRARIES = YES;
				INFOPLIST_FILE = contactsUITests/Info.plist;
				LD_RUNPATH_SEARCH_PATHS = "$(inherited) @executable_path/Frameworks @loader_path/Frameworks";
				PRODUCT_BUNDLE_IDENTIFIER = scut.contactsUITests;
				PRODUCT_NAME = "$(TARGET_NAME)";
				SWIFT_VERSION = 3.0;
				TEST_TARGET_NAME = contacts;
			};
			name = Debug;
		};
		CB8EE2B61DDEDCE100CC8FC1 /* Release */ = {
			isa = XCBuildConfiguration;
			buildSettings = {
				ALWAYS_EMBED_SWIFT_STANDARD_LIBRARIES = YES;
				INFOPLIST_FILE = contactsUITests/Info.plist;
				LD_RUNPATH_SEARCH_PATHS = "$(inherited) @executable_path/Frameworks @loader_path/Frameworks";
				PRODUCT_BUNDLE_IDENTIFIER = scut.contactsUITests;
				PRODUCT_NAME = "$(TARGET_NAME)";
				SWIFT_VERSION = 3.0;
				TEST_TARGET_NAME = contacts;
			};
			name = Release;
		};
/* End XCBuildConfiguration section */

/* Begin XCConfigurationList section */
		CB8EE2811DDEDCE100CC8FC1 /* Build configuration list for PBXProject "contacts" */ = {
			isa = XCConfigurationList;
			buildConfigurations = (
				CB8EE2AC1DDEDCE100CC8FC1 /* Debug */,
				CB8EE2AD1DDEDCE100CC8FC1 /* Release */,
			);
			defaultConfigurationIsVisible = 0;
			defaultConfigurationName = Release;
		};
		CB8EE2AE1DDEDCE100CC8FC1 /* Build configuration list for PBXNativeTarget "contacts" */ = {
			isa = XCConfigurationList;
			buildConfigurations = (
				CB8EE2AF1DDEDCE100CC8FC1 /* Debug */,
				CB8EE2B01DDEDCE100CC8FC1 /* Release */,
			);
			defaultConfigurationIsVisible = 0;
			defaultConfigurationName = Release;
		};
		CB8EE2B11DDEDCE100CC8FC1 /* Build configuration list for PBXNativeTarget "contactsTests" */ = {
			isa = XCConfigurationList;
			buildConfigurations = (
				CB8EE2B21DDEDCE100CC8FC1 /* Debug */,
				CB8EE2B31DDEDCE100CC8FC1 /* Release */,
			);
			defaultConfigurationIsVisible = 0;
			defaultConfigurationName = Release;
		};
		CB8EE2B41DDEDCE100CC8FC1 /* Build configuration list for PBXNativeTarget "contactsUITests" */ = {
			isa = XCConfigurationList;
			buildConfigurations = (
				CB8EE2B51DDEDCE100CC8FC1 /* Debug */,
				CB8EE2B61DDEDCE100CC8FC1 /* Release */,
			);
			defaultConfigurationIsVisible = 0;
			defaultConfigurationName = Release;
		};
/* End XCConfigurationList section */
	};
	rootObject = CB8EE27E1DDEDCE100CC8FC1 /* Project object */;
}
